
Microsoft Visual Studio Solution File, Format Version 12.00
# Visual Studio Version 16
VisualStudioVersion = 16.0.31205.134
MinimumVisualStudioVersion = 10.0.40219.1
Project("{9A19103F-16F7-4668-BE54-9A1E7A4F7556}") = "BodyMassIndex", "BodyMassIndex\BodyMassIndex.csproj", "{760ACC11-78C7-4B6D-9F0A-7C18832F6E87}"
EndProject
Project("{9A19103F-16F7-4668-BE54-9A1E7A4F7556}") = "Library", "Library\Library.csproj", "{C05ACB4B-E2F4-4556-9F97-C98227167FE7}"
EndProject
Project("{9A19103F-16F7-4668-BE54-9A1E7A4F7556}") = "Array", "Array\Array.csproj", "{A157D356-9C52-45FA-ACE0-49C2C4F873DD}"
EndProject
Project("{FAE04EC0-301F-11D3-BF4B-00C04F79EFBC}") = "AverageLength", "AverageLength\AverageLength.csproj", "{119A9893-0976-4827-9656-69F608D275CB}"
EndProject
Global
	GlobalSection(SolutionConfigurationPlatforms) = preSolution
		Debug|Any CPU = Debug|Any CPU
		Release|Any CPU = Release|Any CPU
	EndGlobalSection
	GlobalSection(ProjectConfigurationPlatforms) = postSolution
		{760ACC11-78C7-4B6D-9F0A-7C18832F6E87}.Debug|Any CPU.ActiveCfg = Debug|Any CPU
		{760ACC11-78C7-4B6D-9F0A-7C18832F6E87}.Debug|Any CPU.Build.0 = Debug|Any CPU
		{760ACC11-78C7-4B6D-9F0A-7C18832F6E87}.Release|Any CPU.ActiveCfg = Release|Any CPU
		{760ACC11-78C7-4B6D-9F0A-7C18832F6E87}.Release|Any CPU.Build.0 = Release|Any CPU
		{C05ACB4B-E2F4-4556-9F97-C98227167FE7}.Debug|Any CPU.ActiveCfg = Debug|Any CPU
		{C05ACB4B-E2F4-4556-9F97-C98227167FE7}.Debug|Any CPU.Build.0 = Debug|Any CPU
		{C05ACB4B-E2F4-4556-9F97-C98227167FE7}.Release|Any CPU.ActiveCfg = Release|Any CPU
		{C05ACB4B-E2F4-4556-9F97-C98227167FE7}.Release|Any CPU.Build.0 = Release|Any CPU
		{A157D356-9C52-45FA-ACE0-49C2C4F873DD}.Debug|Any CPU.ActiveCfg = Debug|Any CPU
		{A157D356-9C52-45FA-ACE0-49C2C4F873DD}.Debug|Any CPU.Build.0 = Debug|Any CPU
		{A157D356-9C52-45FA-ACE0-49C2C4F873DD}.Release|Any CPU.ActiveCfg = Release|Any CPU
		{A157D356-9C52-45FA-ACE0-49C2C4F873DD}.Release|Any CPU.Build.0 = Release|Any CPU
		{119A9893-0976-4827-9656-69F608D275CB}.Debug|Any CPU.ActiveCfg = Debug|Any CPU
		{119A9893-0976-4827-9656-69F608D275CB}.Debug|Any CPU.Build.0 = Debug|Any CPU
		{119A9893-0976-4827-9656-69F608D275CB}.Release|Any CPU.ActiveCfg = Release|Any CPU
		{119A9893-0976-4827-9656-69F608D275CB}.Release|Any CPU.Build.0 = Release|Any CPU
	EndGlobalSection
	GlobalSection(SolutionProperties) = preSolution
		HideSolutionNode = FALSE
	EndGlobalSection
	GlobalSection(ExtensibilityGlobals) = postSolution
		SolutionGuid = {3BD08DA8-C35F-4A84-AF78-D5054B338E00}
	EndGlobalSection
EndGlobal
